{
  "nodes": {
    "colmena": {
      "inputs": {
        "flake-compat": [
          "flake-compat"
        ],
        "flake-utils": [
          "flake-utils"
        ],
        "nix-github-actions": "nix-github-actions",
        "nixpkgs": [
          "nixpkgs"
        ],
        "stable": [
          "nixpkgs-stable"
        ]
      },
      "locked": {
        "lastModified": 1755272288,
        "narHash": "sha256-ypTPb2eKcOBbOoyvPV0j4ZOXs4kayo73/2KI456QnE0=",
        "owner": "zhaofengli",
        "repo": "colmena",
        "rev": "5bf4ce6a24adba74a5184f4a9bef01d545a09473",
        "type": "github"
      },
      "original": {
        "owner": "zhaofengli",
        "repo": "colmena",
        "type": "github"
      }
    },
    "deploy-rs": {
      "inputs": {
        "flake-compat": [
          "flake-compat"
        ],
        "nixpkgs": [
          "nixpkgs"
        ],
        "utils": [
          "flake-utils"
        ]
      },
      "locked": {
        "lastModified": 1756719547,
        "narHash": "sha256-N9gBKUmjwRKPxAafXEk1EGadfk2qDZPBQp4vXWPHINQ=",
        "owner": "serokell",
        "repo": "deploy-rs",
        "rev": "125ae9e3ecf62fb2c0fd4f2d894eb971f1ecaed2",
        "type": "github"
      },
      "original": {
        "owner": "serokell",
        "repo": "deploy-rs",
        "type": "github"
      }
    },
    "devshell": {
      "inputs": {
        "nixpkgs": [
          "nixpkgs"
        ]
      },
      "locked": {
        "lastModified": 1741473158,
        "narHash": "sha256-kWNaq6wQUbUMlPgw8Y+9/9wP0F8SHkjy24/mN3UAppg=",
        "owner": "numtide",
        "repo": "devshell",
        "rev": "7c9e793ebe66bcba8292989a68c0419b737a22a0",
        "type": "github"
      },
      "original": {
        "owner": "numtide",
        "repo": "devshell",
        "type": "github"
      }
    },
    "disko": {
      "inputs": {
        "nixpkgs": [
          "nixpkgs"
        ]
      },
      "locked": {
        "lastModified": 1756733629,
        "narHash": "sha256-dwWGlDhcO5SMIvMSTB4mjQ5Pvo2vtxvpIknhVnSz2I8=",
        "owner": "nix-community",
        "repo": "disko",
        "rev": "a5c4f2ab72e3d1ab43e3e65aa421c6f2bd2e12a1",
        "type": "github"
      },
      "original": {
        "owner": "nix-community",
        "repo": "disko",
        "type": "github"
      }
    },
    "extra-lib": {
      "inputs": {
        "nixlib": [
          "nixlib"
        ]
      },
      "locked": {
        "lastModified": 1741573563,
        "narHash": "sha256-uEB8mpieaTA9EJ2K8SpDFtM2FMIpcjXy18X0BBwFBY8=",
        "owner": "kraftnix",
        "repo": "extra-lib",
        "rev": "a1cfbab1cd3f8a889ab42cb3267a89b5d8d6d4c4",
        "type": "github"
      },
      "original": {
        "owner": "kraftnix",
        "repo": "extra-lib",
        "type": "github"
      }
    },
    "flake-compat": {
      "flake": false,
      "locked": {
        "lastModified": 1687265871,
        "narHash": "sha256-P8AOiQk/XN8/ia4289hDHlTfWB70cRQ5pc9GRfmEdpc=",
        "owner": "inclyc",
        "repo": "flake-compat",
        "rev": "70e56389c58bbd300d11778913b255477ebbae22",
        "type": "github"
      },
      "original": {
        "owner": "inclyc",
        "repo": "flake-compat",
        "type": "github"
      }
    },
    "flake-parts": {
      "inputs": {
        "nixpkgs-lib": [
          "nixlib"
        ]
      },
      "locked": {
        "lastModified": 1756770412,
        "narHash": "sha256-+uWLQZccFHwqpGqr2Yt5VsW/PbeJVTn9Dk6SHWhNRPw=",
        "owner": "hercules-ci",
        "repo": "flake-parts",
        "rev": "4524271976b625a4a605beefd893f270620fd751",
        "type": "github"
      },
      "original": {
        "owner": "hercules-ci",
        "repo": "flake-parts",
        "type": "github"
      }
    },
    "flake-utils": {
      "inputs": {
        "systems": [
          "systems"
        ]
      },
      "locked": {
        "lastModified": 1731533236,
        "narHash": "sha256-l0KFg5HjrsfsO/JpG+r7fRrqm12kzFHyUHqHCVpMMbI=",
        "owner": "numtide",
        "repo": "flake-utils",
        "rev": "11707dc2f618dd54ca8739b309ec4fc024de578b",
        "type": "github"
      },
      "original": {
        "owner": "numtide",
        "repo": "flake-utils",
        "type": "github"
      }
    },
    "flake-utils_2": {
      "inputs": {
        "systems": "systems"
      },
      "locked": {
        "lastModified": 1731533236,
        "narHash": "sha256-l0KFg5HjrsfsO/JpG+r7fRrqm12kzFHyUHqHCVpMMbI=",
        "owner": "numtide",
        "repo": "flake-utils",
        "rev": "11707dc2f618dd54ca8739b309ec4fc024de578b",
        "type": "github"
      },
      "original": {
        "owner": "numtide",
        "repo": "flake-utils",
        "type": "github"
      }
    },
    "git-hooks-nix": {
      "inputs": {
        "flake-compat": [
          "flake-compat"
        ],
        "gitignore": "gitignore",
        "nixpkgs": [
          "nixpkgs"
        ]
      },
      "locked": {
        "lastModified": 1755960406,
        "narHash": "sha256-RF7j6C1TmSTK9tYWO6CdEMtg6XZaUKcvZwOCD2SICZs=",
        "owner": "cachix",
        "repo": "git-hooks.nix",
        "rev": "e891a93b193fcaf2fc8012d890dc7f0befe86ec2",
        "type": "github"
      },
      "original": {
        "owner": "cachix",
        "repo": "git-hooks.nix",
        "type": "github"
      }
    },
    "gitignore": {
      "inputs": {
        "nixpkgs": [
          "git-hooks-nix",
          "nixpkgs"
        ]
      },
      "locked": {
        "lastModified": 1709087332,
        "narHash": "sha256-HG2cCnktfHsKV0s4XW83gU3F57gaTljL9KNSuG6bnQs=",
        "owner": "hercules-ci",
        "repo": "gitignore.nix",
        "rev": "637db329424fd7e46cf4185293b9cc8c88c95394",
        "type": "github"
      },
      "original": {
        "owner": "hercules-ci",
        "repo": "gitignore.nix",
        "type": "github"
      }
    },
    "ixx": {
      "inputs": {
        "flake-utils": [
          "nuschtos-search",
          "flake-utils"
        ],
        "nixpkgs": [
          "nuschtos-search",
          "nixpkgs"
        ]
      },
      "locked": {
        "lastModified": 1754860581,
        "narHash": "sha256-EM0IE63OHxXCOpDHXaTyHIOk2cNvMCGPqLt/IdtVxgk=",
        "owner": "NuschtOS",
        "repo": "ixx",
        "rev": "babfe85a876162c4acc9ab6fb4483df88fa1f281",
        "type": "github"
      },
      "original": {
        "owner": "NuschtOS",
        "ref": "v0.1.1",
        "repo": "ixx",
        "type": "github"
      }
    },
    "microvm": {
      "inputs": {
        "flake-utils": [
          "flake-utils"
        ],
        "nixpkgs": [
          "nixpkgs"
        ],
        "spectrum": "spectrum"
      },
      "locked": {
        "lastModified": 1755911232,
        "narHash": "sha256-ujvJhZ175zzmsVVE75MQUkviS4FIJU1YjbnXfZ08W9c=",
        "owner": "astro",
        "repo": "microvm.nix",
        "rev": "4fe0a520d929aa462e6d874573e601e7568f184c",
        "type": "github"
      },
      "original": {
        "owner": "astro",
        "repo": "microvm.nix",
        "type": "github"
      }
    },
    "nix-github-actions": {
      "inputs": {
        "nixpkgs": [
          "colmena",
          "nixpkgs"
        ]
      },
      "locked": {
        "lastModified": 1729742964,
        "narHash": "sha256-B4mzTcQ0FZHdpeWcpDYPERtyjJd/NIuaQ9+BV1h+MpA=",
        "owner": "nix-community",
        "repo": "nix-github-actions",
        "rev": "e04df33f62cdcf93d73e9a04142464753a16db67",
        "type": "github"
      },
      "original": {
        "owner": "nix-community",
        "repo": "nix-github-actions",
        "type": "github"
      }
    },
    "nix-vm-test": {
      "inputs": {
        "nixpkgs": [
          "nixos-anywhere",
          "nixpkgs"
        ]
      },
      "locked": {
        "lastModified": 1748765518,
        "narHash": "sha256-vftOR+7zwnMWl5UpG32GL1VBeNGTDZZT0hv+2uNuBGw=",
        "owner": "Mic92",
        "repo": "nix-vm-test",
        "rev": "d6642fbaf42fc98883d84bab66cd0ec720d9dd0c",
        "type": "github"
      },
      "original": {
        "owner": "Mic92",
        "repo": "nix-vm-test",
        "type": "github"
      }
    },
    "nixlib": {
      "locked": {
        "lastModified": 1754788789,
        "narHash": "sha256-x2rJ+Ovzq0sCMpgfgGaaqgBSwY+LST+WbZ6TytnT9Rk=",
        "owner": "nix-community",
        "repo": "nixpkgs.lib",
        "rev": "a73b9c743612e4244d865a2fdee11865283c04e6",
        "type": "github"
      },
      "original": {
        "owner": "nix-community",
        "repo": "nixpkgs.lib",
        "type": "github"
      }
    },
    "nixos-anywhere": {
      "inputs": {
        "disko": [
          "disko"
        ],
        "flake-parts": [
          "flake-parts"
        ],
        "nix-vm-test": "nix-vm-test",
        "nixos-images": "nixos-images",
        "nixos-stable": [
          "nixpkgs-stable"
        ],
        "nixpkgs": [
          "nixpkgs"
        ],
        "treefmt-nix": "treefmt-nix"
      },
      "locked": {
        "lastModified": 1756369694,
        "narHash": "sha256-wNrnVlg+d0GXbmT+MDS6xMIkB+Su437fuP1DZpwaLiI=",
        "owner": "numtide",
        "repo": "nixos-anywhere",
        "rev": "dc1df558e51f41d0782eef312f04a2e0e4c9ce8a",
        "type": "github"
      },
      "original": {
        "owner": "numtide",
        "repo": "nixos-anywhere",
        "type": "github"
      }
    },
    "nixos-generators": {
      "inputs": {
        "nixlib": [
          "nixlib"
        ],
        "nixpkgs": [
          "nixpkgs"
        ]
      },
      "locked": {
        "lastModified": 1751903740,
        "narHash": "sha256-PeSkNMvkpEvts+9DjFiop1iT2JuBpyknmBUs0Un0a4I=",
        "owner": "nix-community",
        "repo": "nixos-generators",
        "rev": "032decf9db65efed428afd2fa39d80f7089085eb",
        "type": "github"
      },
      "original": {
        "owner": "nix-community",
        "repo": "nixos-generators",
        "type": "github"
      }
    },
    "nixos-images": {
      "inputs": {
        "nixos-stable": [
          "nixos-anywhere",
          "nixos-stable"
        ],
        "nixos-unstable": [
          "nixos-anywhere",
          "nixpkgs"
        ]
      },
      "locked": {
        "lastModified": 1749086071,
        "narHash": "sha256-4+fY7i+q78F3t6APz0cMC4kRxsyCb+UTyfhbckkCd7Q=",
        "owner": "nix-community",
        "repo": "nixos-images",
        "rev": "aa38dbbdf0e955baef7e03dfc4265ae3fdac4808",
        "type": "github"
      },
      "original": {
        "owner": "nix-community",
        "repo": "nixos-images",
        "type": "github"
      }
    },
    "nixpkgs": {
      "locked": {
        "lastModified": 1756542300,
        "narHash": "sha256-tlOn88coG5fzdyqz6R93SQL5Gpq+m/DsWpekNFhqPQk=",
        "owner": "nixos",
        "repo": "nixpkgs",
        "rev": "d7600c775f877cd87b4f5a831c28aa94137377aa",
        "type": "github"
      },
      "original": {
        "owner": "nixos",
        "ref": "nixos-unstable",
        "repo": "nixpkgs",
        "type": "github"
      }
    },
    "nixpkgs-stable": {
      "locked": {
        "lastModified": 1756834844,
        "narHash": "sha256-Ct8dsaKd46FDQ4E8NttDO9HZJZRRHMeTlqjnHvirB1U=",
        "owner": "nixos",
        "repo": "nixpkgs",
        "rev": "c370743bb648ff9ac566b5e04c97e386dec1ac82",
        "type": "github"
      },
      "original": {
        "owner": "nixos",
        "ref": "release-25.05",
        "repo": "nixpkgs",
        "type": "github"
      }
    },
    "nuschtos-search": {
      "inputs": {
        "flake-utils": "flake-utils_2",
        "ixx": "ixx",
        "nixpkgs": [
          "nixpkgs-stable"
        ]
      },
      "locked": {
        "lastModified": 1756738487,
        "narHash": "sha256-8QX7Ab5CcICp7zktL47VQVS+QeaU4YDNAjzty7l7TQE=",
        "owner": "NuschtOS",
        "repo": "search",
        "rev": "5feeaeefb571e6ca2700888b944f436f7c05149b",
        "type": "github"
      },
      "original": {
        "owner": "NuschtOS",
        "repo": "search",
        "type": "github"
      }
    },
    "root": {
      "inputs": {
        "colmena": "colmena",
        "deploy-rs": "deploy-rs",
        "devshell": "devshell",
        "disko": "disko",
        "extra-lib": "extra-lib",
        "flake-compat": "flake-compat",
        "flake-parts": "flake-parts",
        "flake-utils": "flake-utils",
        "git-hooks-nix": "git-hooks-nix",
        "microvm": "microvm",
        "nixlib": "nixlib",
        "nixos-anywhere": "nixos-anywhere",
        "nixos-generators": "nixos-generators",
        "nixpkgs": "nixpkgs",
        "nixpkgs-stable": "nixpkgs-stable",
        "nuschtos-search": "nuschtos-search",
        "systems": "systems_2"
      }
    },
    "spectrum": {
      "flake": false,
      "locked": {
        "lastModified": 1754675037,
        "narHash": "sha256-afS08F7lfMUBR4qrBxinN1kuxu+DoHQ5TPNVp9VS/OA=",
        "ref": "refs/heads/main",
        "rev": "586577f3015397afacd83bc185454f4cc3c8028f",
        "revCount": 955,
        "type": "git",
        "url": "https://spectrum-os.org/git/spectrum"
      },
      "original": {
        "type": "git",
        "url": "https://spectrum-os.org/git/spectrum"
      }
    },
    "systems": {
      "locked": {
        "lastModified": 1681028828,
        "narHash": "sha256-Vy1rq5AaRuLzOxct8nz4T6wlgyUR7zLU309k9mBC768=",
        "owner": "nix-systems",
        "repo": "default",
        "rev": "da67096a3b9bf56a91d16901293e51ba5b49a27e",
        "type": "github"
      },
      "original": {
        "owner": "nix-systems",
        "repo": "default",
        "type": "github"
      }
    },
    "systems_2": {
      "locked": {
        "lastModified": 1681028828,
        "narHash": "sha256-Vy1rq5AaRuLzOxct8nz4T6wlgyUR7zLU309k9mBC768=",
        "owner": "nix-systems",
        "repo": "default",
        "rev": "da67096a3b9bf56a91d16901293e51ba5b49a27e",
        "type": "github"
      },
      "original": {
        "owner": "nix-systems",
        "repo": "default",
        "type": "github"
      }
    },
    "treefmt-nix": {
      "inputs": {
        "nixpkgs": [
          "nixos-anywhere",
          "nixpkgs"
        ]
      },
      "locked": {
        "lastModified": 1749194973,
        "narHash": "sha256-eEy8cuS0mZ2j/r/FE0/LYBSBcIs/MKOIVakwHVuqTfk=",
        "owner": "numtide",
        "repo": "treefmt-nix",
        "rev": "a05be418a1af1198ca0f63facb13c985db4cb3c5",
        "type": "github"
      },
      "original": {
        "owner": "numtide",
        "repo": "treefmt-nix",
        "type": "github"
      }
    }
  },
  "root": "root",
  "version": 7
}
